
Microsoft Visual Studio Solution File, Format Version 12.00
# Visual Studio Version 16
VisualStudioVersion = 16.0.31129.286
MinimumVisualStudioVersion = 10.0.40219.1
Project("{888888A0-9F3D-457C-B088-3A5042F75D52}") = "DataStorage", "DataStorage\DataStorage.pyproj", "{21A7D49B-0B37-4E50-88DF-90B09EF356EB}"
EndProject
Global
	GlobalSection(SolutionConfigurationPlatforms) = preSolution
		Debug|Any CPU = Debug|Any CPU
		Release|Any CPU = Release|Any CPU
	EndGlobalSection
	GlobalSection(ProjectConfigurationPlatforms) = postSolution
		{21A7D49B-0B37-4E50-88DF-90B09EF356EB}.Debug|Any CPU.ActiveCfg = Debug|Any CPU
		{21A7D49B-0B37-4E50-88DF-90B09EF356EB}.Release|Any CPU.ActiveCfg = Release|Any CPU
	EndGlobalSection
	GlobalSection(SolutionProperties) = preSolution
		HideSolutionNode = FALSE
	EndGlobalSection
	GlobalSection(ExtensibilityGlobals) = postSolution
		SolutionGuid = {66E53449-A88A-4172-B7FA-4CF70D96B112}
	EndGlobalSection
EndGlobal
